
Microsoft Visual Studio Solution File, Format Version 12.00
# Visual Studio Version 17
VisualStudioVersion = 17.14.36401.2 d17.14
MinimumVisualStudioVersion = 10.0.40219.1
Project("{FAE04EC0-301F-11D3-BF4B-00C04F79EFBC}") = "Lab10_2", "Lab10_2.csproj", "{5664AC77-DB98-49BE-9E25-76BCD841F1C7}"
EndProject
Global
	GlobalSection(SolutionConfigurationPlatforms) = preSolution
		Debug|Any CPU = Debug|Any CPU
		Release|Any CPU = Release|Any CPU
	EndGlobalSection
	GlobalSection(ProjectConfigurationPlatforms) = postSolution
		{5664AC77-DB98-49BE-9E25-76BCD841F1C7}.Debug|Any CPU.ActiveCfg = Debug|Any CPU
		{5664AC77-DB98-49BE-9E25-76BCD841F1C7}.Debug|Any CPU.Build.0 = Debug|Any CPU
		{5664AC77-DB98-49BE-9E25-76BCD841F1C7}.Release|Any CPU.ActiveCfg = Release|Any CPU
		{5664AC77-DB98-49BE-9E25-76BCD841F1C7}.Release|Any CPU.Build.0 = Release|Any CPU
	EndGlobalSection
	GlobalSection(SolutionProperties) = preSolution
		HideSolutionNode = FALSE
	EndGlobalSection
	GlobalSection(ExtensibilityGlobals) = postSolution
		SolutionGuid = {7E15CD01-C9FC-4017-B535-AF8751420AE0}
	EndGlobalSection
EndGlobal
